
Microsoft Visual Studio Solution File, Format Version 12.00
# Visual Studio Version 17
VisualStudioVersion = 17.12.35521.163 d17.12
MinimumVisualStudioVersion = 10.0.40219.1
Project("{FAE04EC0-301F-11D3-BF4B-00C04F79EFBC}") = "Task5", "Task5.csproj", "{545FB712-4B22-4BCE-BBF9-C281DCCA2B28}"
EndProject
Project("{FAE04EC0-301F-11D3-BF4B-00C04F79EFBC}") = "MyCombLib", "..\MyCombLib\MyCombLib.csproj", "{7E2DA6EA-7736-42E5-9229-35AE860FB086}"
EndProject
Global
	GlobalSection(SolutionConfigurationPlatforms) = preSolution
		Debug|Any CPU = Debug|Any CPU
		Release|Any CPU = Release|Any CPU
	EndGlobalSection
	GlobalSection(ProjectConfigurationPlatforms) = postSolution
		{545FB712-4B22-4BCE-BBF9-C281DCCA2B28}.Debug|Any CPU.ActiveCfg = Debug|Any CPU
		{545FB712-4B22-4BCE-BBF9-C281DCCA2B28}.Debug|Any CPU.Build.0 = Debug|Any CPU
		{545FB712-4B22-4BCE-BBF9-C281DCCA2B28}.Release|Any CPU.ActiveCfg = Release|Any CPU
		{545FB712-4B22-4BCE-BBF9-C281DCCA2B28}.Release|Any CPU.Build.0 = Release|Any CPU
		{7E2DA6EA-7736-42E5-9229-35AE860FB086}.Debug|Any CPU.ActiveCfg = Debug|Any CPU
		{7E2DA6EA-7736-42E5-9229-35AE860FB086}.Debug|Any CPU.Build.0 = Debug|Any CPU
		{7E2DA6EA-7736-42E5-9229-35AE860FB086}.Release|Any CPU.ActiveCfg = Release|Any CPU
		{7E2DA6EA-7736-42E5-9229-35AE860FB086}.Release|Any CPU.Build.0 = Release|Any CPU
	EndGlobalSection
	GlobalSection(SolutionProperties) = preSolution
		HideSolutionNode = FALSE
	EndGlobalSection
EndGlobal
